// !$*UTF8*$!
{
	archiveVersion = 1;
	classes = {
	};
	objectVersion = 50;
	objects = {

/* Begin PBXBuildFile section */
		333F84E0235829CF00A60744 /* Service.swift in Sources */ = {isa = PBXBuildFile; fileRef = 333F84DF235829CF00A60744 /* Service.swift */; };
		333F84E2235829E600A60744 /* Notification.Name+extensions.swift in Sources */ = {isa = PBXBuildFile; fileRef = 333F84E1235829E600A60744 /* Notification.Name+extensions.swift */; };
		333F84FA23584A1F00A60744 /* whatABeautifulNameItIs.mp3 in Resources */ = {isa = PBXBuildFile; fileRef = 333F84E523584A1F00A60744 /* whatABeautifulNameItIs.mp3 */; };
		333F84FB23584A1F00A60744 /* recklessLove-Bethel.mp3 in Resources */ = {isa = PBXBuildFile; fileRef = 333F84E623584A1F00A60744 /* recklessLove-Bethel.mp3 */; };
		333F84FC23584A1F00A60744 /* unfailingLove-ChrisTomlin.mp3 in Resources */ = {isa = PBXBuildFile; fileRef = 333F84E723584A1F00A60744 /* unfailingLove-ChrisTomlin.mp3 */; };
		333F84FD23584A1F00A60744 /* oceans(long)-Hillsong.mp3 in Resources */ = {isa = PBXBuildFile; fileRef = 333F84E823584A1F00A60744 /* oceans(long)-Hillsong.mp3 */; };
		333F84FE23584A1F00A60744 /* oceans(short)-Hillsong.mp3 in Resources */ = {isa = PBXBuildFile; fileRef = 333F84E923584A1F00A60744 /* oceans(short)-Hillsong.mp3 */; };
		333F84FF23584A1F00A60744 /* giveMeFaith-ElevationWorship.mp3 in Resources */ = {isa = PBXBuildFile; fileRef = 333F84EA23584A1F00A60744 /* giveMeFaith-ElevationWorship.mp3 */; };
		333F850023584A1F00A60744 /* livingHope.mp3 in Resources */ = {isa = PBXBuildFile; fileRef = 333F84EB23584A1F00A60744 /* livingHope.mp3 */; };
		333F850123584A1F00A60744 /* noOneHigher-AaronShust.mp3 in Resources */ = {isa = PBXBuildFile; fileRef = 333F84EC23584A1F00A60744 /* noOneHigher-AaronShust.mp3 */; };
		333F850223584A1F00A60744 /* noLongerSlaves-BethelMusic.mp3 in Resources */ = {isa = PBXBuildFile; fileRef = 333F84ED23584A1F00A60744 /* noLongerSlaves-BethelMusic.mp3 */; };
		333F850323584A1F00A60744 /* whoYouSayIAm-Hillsong.mp3 in Resources */ = {isa = PBXBuildFile; fileRef = 333F84EE23584A1F00A60744 /* whoYouSayIAm-Hillsong.mp3 */; };
		333F850423584A1F00A60744 /* noLongerSlaves.jpg in Resources */ = {isa = PBXBuildFile; fileRef = 333F84F023584A1F00A60744 /* noLongerSlaves.jpg */; };
		333F850523584A1F00A60744 /* oceans(long).png in Resources */ = {isa = PBXBuildFile; fileRef = 333F84F123584A1F00A60744 /* oceans(long).png */; };
		333F850623584A1F00A60744 /* livingHope.png in Resources */ = {isa = PBXBuildFile; fileRef = 333F84F223584A1F00A60744 /* livingHope.png */; };
		333F850723584A1F00A60744 /* whoYouSayIAm.jpg in Resources */ = {isa = PBXBuildFile; fileRef = 333F84F323584A1F00A60744 /* whoYouSayIAm.jpg */; };
		333F850823584A1F00A60744 /* whatABeautifulNameItIs.jpg in Resources */ = {isa = PBXBuildFile; fileRef = 333F84F423584A1F00A60744 /* whatABeautifulNameItIs.jpg */; };
		333F850923584A1F00A60744 /* oceans(short).png in Resources */ = {isa = PBXBuildFile; fileRef = 333F84F523584A1F00A60744 /* oceans(short).png */; };
		333F850A23584A1F00A60744 /* recklessLove.png in Resources */ = {isa = PBXBuildFile; fileRef = 333F84F623584A1F00A60744 /* recklessLove.png */; };
		333F850B23584A1F00A60744 /* noOneHigher.png in Resources */ = {isa = PBXBuildFile; fileRef = 333F84F723584A1F00A60744 /* noOneHigher.png */; };
		333F850C23584A1F00A60744 /* giveMeFaith.jpeg in Resources */ = {isa = PBXBuildFile; fileRef = 333F84F823584A1F00A60744 /* giveMeFaith.jpeg */; };
		333F850D23584A1F00A60744 /* unfailingLove.png in Resources */ = {isa = PBXBuildFile; fileRef = 333F84F923584A1F00A60744 /* unfailingLove.png */; };
		3343CA3B2356592C005EC399 /* AppDelegate.swift in Sources */ = {isa = PBXBuildFile; fileRef = 3343CA3A2356592C005EC399 /* AppDelegate.swift */; };
		3343CA3D2356592C005EC399 /* SceneDelegate.swift in Sources */ = {isa = PBXBuildFile; fileRef = 3343CA3C2356592C005EC399 /* SceneDelegate.swift */; };
		3343CA3F2356592C005EC399 /* ViewController.swift in Sources */ = {isa = PBXBuildFile; fileRef = 3343CA3E2356592C005EC399 /* ViewController.swift */; };
		3343CA422356592C005EC399 /* Main.storyboard in Resources */ = {isa = PBXBuildFile; fileRef = 3343CA402356592C005EC399 /* Main.storyboard */; };
		3343CA442356592D005EC399 /* Assets.xcassets in Resources */ = {isa = PBXBuildFile; fileRef = 3343CA432356592D005EC399 /* Assets.xcassets */; };
		3343CA472356592D005EC399 /* LaunchScreen.storyboard in Resources */ = {isa = PBXBuildFile; fileRef = 3343CA452356592D005EC399 /* LaunchScreen.storyboard */; };
		3343CA522356592D005EC399 /* Folledo_iPrayTests.swift in Sources */ = {isa = PBXBuildFile; fileRef = 3343CA512356592D005EC399 /* Folledo_iPrayTests.swift */; };
		3343CA5D2356592D005EC399 /* Folledo_iPrayUITests.swift in Sources */ = {isa = PBXBuildFile; fileRef = 3343CA5C2356592D005EC399 /* Folledo_iPrayUITests.swift */; };
		3343CA6C23565A5F005EC399 /* Song.swift in Sources */ = {isa = PBXBuildFile; fileRef = 3343CA6B23565A5F005EC399 /* Song.swift */; };
		3343CA7023565B68005EC399 /* SongsVC.swift in Sources */ = {isa = PBXBuildFile; fileRef = 3343CA6F23565B68005EC399 /* SongsVC.swift */; };
		3343CA7223565B90005EC399 /* PrayerRequestVC.swift in Sources */ = {isa = PBXBuildFile; fileRef = 3343CA7123565B90005EC399 /* PrayerRequestVC.swift */; };
		3343CA7423565BA0005EC399 /* PrayerTimerVC.swift in Sources */ = {isa = PBXBuildFile; fileRef = 3343CA7323565BA0005EC399 /* PrayerTimerVC.swift */; };
		3371831623578DAB004C9489 /* SongCell.swift in Sources */ = {isa = PBXBuildFile; fileRef = 3371831423578DAB004C9489 /* SongCell.swift */; };
		337183192357C590004C9489 /* Questions.swift in Sources */ = {isa = PBXBuildFile; fileRef = 337183182357C590004C9489 /* Questions.swift */; };
		3371831B2357C77E004C9489 /* SongInfo.storyboard in Resources */ = {isa = PBXBuildFile; fileRef = 3371831A2357C77E004C9489 /* SongInfo.storyboard */; };
		3371831D2357C793004C9489 /* SongInfoVC.swift in Sources */ = {isa = PBXBuildFile; fileRef = 3371831C2357C793004C9489 /* SongInfoVC.swift */; };
/* End PBXBuildFile section */

/* Begin PBXContainerItemProxy section */
		3343CA4E2356592D005EC399 /* PBXContainerItemProxy */ = {
			isa = PBXContainerItemProxy;
			containerPortal = 3343CA2F2356592C005EC399 /* Project object */;
			proxyType = 1;
			remoteGlobalIDString = 3343CA362356592C005EC399;
			remoteInfo = "Folledo-iPray";
		};
		3343CA592356592D005EC399 /* PBXContainerItemProxy */ = {
			isa = PBXContainerItemProxy;
			containerPortal = 3343CA2F2356592C005EC399 /* Project object */;
			proxyType = 1;
			remoteGlobalIDString = 3343CA362356592C005EC399;
			remoteInfo = "Folledo-iPray";
		};
/* End PBXContainerItemProxy section */

/* Begin PBXFileReference section */
		333F84DF235829CF00A60744 /* Service.swift */ = {isa = PBXFileReference; lastKnownFileType = sourcecode.swift; path = Service.swift; sourceTree = "<group>"; };
		333F84E1235829E600A60744 /* Notification.Name+extensions.swift */ = {isa = PBXFileReference; lastKnownFileType = sourcecode.swift; path = "Notification.Name+extensions.swift"; sourceTree = "<group>"; };
		333F84E523584A1F00A60744 /* whatABeautifulNameItIs.mp3 */ = {isa = PBXFileReference; lastKnownFileType = audio.mp3; path = whatABeautifulNameItIs.mp3; sourceTree = "<group>"; };
		333F84E623584A1F00A60744 /* recklessLove-Bethel.mp3 */ = {isa = PBXFileReference; lastKnownFileType = audio.mp3; path = "recklessLove-Bethel.mp3"; sourceTree = "<group>"; };
		333F84E723584A1F00A60744 /* unfailingLove-ChrisTomlin.mp3 */ = {isa = PBXFileReference; lastKnownFileType = audio.mp3; path = "unfailingLove-ChrisTomlin.mp3"; sourceTree = "<group>"; };
		333F84E823584A1F00A60744 /* oceans(long)-Hillsong.mp3 */ = {isa = PBXFileReference; lastKnownFileType = audio.mp3; path = "oceans(long)-Hillsong.mp3"; sourceTree = "<group>"; };
		333F84E923584A1F00A60744 /* oceans(short)-Hillsong.mp3 */ = {isa = PBXFileReference; lastKnownFileType = audio.mp3; path = "oceans(short)-Hillsong.mp3"; sourceTree = "<group>"; };
		333F84EA23584A1F00A60744 /* giveMeFaith-ElevationWorship.mp3 */ = {isa = PBXFileReference; lastKnownFileType = audio.mp3; path = "giveMeFaith-ElevationWorship.mp3"; sourceTree = "<group>"; };
		333F84EB23584A1F00A60744 /* livingHope.mp3 */ = {isa = PBXFileReference; lastKnownFileType = audio.mp3; path = livingHope.mp3; sourceTree = "<group>"; };
		333F84EC23584A1F00A60744 /* noOneHigher-AaronShust.mp3 */ = {isa = PBXFileReference; lastKnownFileType = audio.mp3; path = "noOneHigher-AaronShust.mp3"; sourceTree = "<group>"; };
		333F84ED23584A1F00A60744 /* noLongerSlaves-BethelMusic.mp3 */ = {isa = PBXFileReference; lastKnownFileType = audio.mp3; path = "noLongerSlaves-BethelMusic.mp3"; sourceTree = "<group>"; };
		333F84EE23584A1F00A60744 /* whoYouSayIAm-Hillsong.mp3 */ = {isa = PBXFileReference; lastKnownFileType = audio.mp3; path = "whoYouSayIAm-Hillsong.mp3"; sourceTree = "<group>"; };
		333F84F023584A1F00A60744 /* noLongerSlaves.jpg */ = {isa = PBXFileReference; lastKnownFileType = image.jpeg; path = noLongerSlaves.jpg; sourceTree = "<group>"; };
		333F84F123584A1F00A60744 /* oceans(long).png */ = {isa = PBXFileReference; lastKnownFileType = image.png; path = "oceans(long).png"; sourceTree = "<group>"; };
		333F84F223584A1F00A60744 /* livingHope.png */ = {isa = PBXFileReference; lastKnownFileType = image.png; path = livingHope.png; sourceTree = "<group>"; };
		333F84F323584A1F00A60744 /* whoYouSayIAm.jpg */ = {isa = PBXFileReference; lastKnownFileType = image.jpeg; path = whoYouSayIAm.jpg; sourceTree = "<group>"; };
		333F84F423584A1F00A60744 /* whatABeautifulNameItIs.jpg */ = {isa = PBXFileReference; lastKnownFileType = image.jpeg; path = whatABeautifulNameItIs.jpg; sourceTree = "<group>"; };
		333F84F523584A1F00A60744 /* oceans(short).png */ = {isa = PBXFileReference; lastKnownFileType = image.png; path = "oceans(short).png"; sourceTree = "<group>"; };
		333F84F623584A1F00A60744 /* recklessLove.png */ = {isa = PBXFileReference; lastKnownFileType = image.png; path = recklessLove.png; sourceTree = "<group>"; };
		333F84F723584A1F00A60744 /* noOneHigher.png */ = {isa = PBXFileReference; lastKnownFileType = image.png; path = noOneHigher.png; sourceTree = "<group>"; };
		333F84F823584A1F00A60744 /* giveMeFaith.jpeg */ = {isa = PBXFileReference; lastKnownFileType = image.jpeg; path = giveMeFaith.jpeg; sourceTree = "<group>"; };
		333F84F923584A1F00A60744 /* unfailingLove.png */ = {isa = PBXFileReference; lastKnownFileType = image.png; path = unfailingLove.png; sourceTree = "<group>"; };
		3343CA372356592C005EC399 /* Folledo-iPray.app */ = {isa = PBXFileReference; explicitFileType = wrapper.application; includeInIndex = 0; path = "Folledo-iPray.app"; sourceTree = BUILT_PRODUCTS_DIR; };
		3343CA3A2356592C005EC399 /* AppDelegate.swift */ = {isa = PBXFileReference; lastKnownFileType = sourcecode.swift; path = AppDelegate.swift; sourceTree = "<group>"; };
		3343CA3C2356592C005EC399 /* SceneDelegate.swift */ = {isa = PBXFileReference; lastKnownFileType = sourcecode.swift; path = SceneDelegate.swift; sourceTree = "<group>"; };
		3343CA3E2356592C005EC399 /* ViewController.swift */ = {isa = PBXFileReference; lastKnownFileType = sourcecode.swift; path = ViewController.swift; sourceTree = "<group>"; };
		3343CA412356592C005EC399 /* Base */ = {isa = PBXFileReference; lastKnownFileType = file.storyboard; name = Base; path = Base.lproj/Main.storyboard; sourceTree = "<group>"; };
		3343CA432356592D005EC399 /* Assets.xcassets */ = {isa = PBXFileReference; lastKnownFileType = folder.assetcatalog; path = Assets.xcassets; sourceTree = "<group>"; };
		3343CA462356592D005EC399 /* Base */ = {isa = PBXFileReference; lastKnownFileType = file.storyboard; name = Base; path = Base.lproj/LaunchScreen.storyboard; sourceTree = "<group>"; };
		3343CA482356592D005EC399 /* Info.plist */ = {isa = PBXFileReference; lastKnownFileType = text.plist.xml; path = Info.plist; sourceTree = "<group>"; };
		3343CA4D2356592D005EC399 /* Folledo-iPrayTests.xctest */ = {isa = PBXFileReference; explicitFileType = wrapper.cfbundle; includeInIndex = 0; path = "Folledo-iPrayTests.xctest"; sourceTree = BUILT_PRODUCTS_DIR; };
		3343CA512356592D005EC399 /* Folledo_iPrayTests.swift */ = {isa = PBXFileReference; lastKnownFileType = sourcecode.swift; path = Folledo_iPrayTests.swift; sourceTree = "<group>"; };
		3343CA532356592D005EC399 /* Info.plist */ = {isa = PBXFileReference; lastKnownFileType = text.plist.xml; path = Info.plist; sourceTree = "<group>"; };
		3343CA582356592D005EC399 /* Folledo-iPrayUITests.xctest */ = {isa = PBXFileReference; explicitFileType = wrapper.cfbundle; includeInIndex = 0; path = "Folledo-iPrayUITests.xctest"; sourceTree = BUILT_PRODUCTS_DIR; };
		3343CA5C2356592D005EC399 /* Folledo_iPrayUITests.swift */ = {isa = PBXFileReference; lastKnownFileType = sourcecode.swift; path = Folledo_iPrayUITests.swift; sourceTree = "<group>"; };
		3343CA5E2356592D005EC399 /* Info.plist */ = {isa = PBXFileReference; lastKnownFileType = text.plist.xml; path = Info.plist; sourceTree = "<group>"; };
		3343CA6B23565A5F005EC399 /* Song.swift */ = {isa = PBXFileReference; lastKnownFileType = sourcecode.swift; path = Song.swift; sourceTree = "<group>"; };
		3343CA6F23565B68005EC399 /* SongsVC.swift */ = {isa = PBXFileReference; lastKnownFileType = sourcecode.swift; path = SongsVC.swift; sourceTree = "<group>"; };
		3343CA7123565B90005EC399 /* PrayerRequestVC.swift */ = {isa = PBXFileReference; lastKnownFileType = sourcecode.swift; path = PrayerRequestVC.swift; sourceTree = "<group>"; };
		3343CA7323565BA0005EC399 /* PrayerTimerVC.swift */ = {isa = PBXFileReference; lastKnownFileType = sourcecode.swift; path = PrayerTimerVC.swift; sourceTree = "<group>"; };
		3371831423578DAB004C9489 /* SongCell.swift */ = {isa = PBXFileReference; lastKnownFileType = sourcecode.swift; path = SongCell.swift; sourceTree = "<group>"; };
		337183182357C590004C9489 /* Questions.swift */ = {isa = PBXFileReference; lastKnownFileType = sourcecode.swift; path = Questions.swift; sourceTree = "<group>"; };
		3371831A2357C77E004C9489 /* SongInfo.storyboard */ = {isa = PBXFileReference; lastKnownFileType = file.storyboard; path = SongInfo.storyboard; sourceTree = "<group>"; };
		3371831C2357C793004C9489 /* SongInfoVC.swift */ = {isa = PBXFileReference; lastKnownFileType = sourcecode.swift; path = SongInfoVC.swift; sourceTree = "<group>"; };
/* End PBXFileReference section */

/* Begin PBXFrameworksBuildPhase section */
		3343CA342356592C005EC399 /* Frameworks */ = {
			isa = PBXFrameworksBuildPhase;
			buildActionMask = 2147483647;
			files = (
			);
			runOnlyForDeploymentPostprocessing = 0;
		};
		3343CA4A2356592D005EC399 /* Frameworks */ = {
			isa = PBXFrameworksBuildPhase;
			buildActionMask = 2147483647;
			files = (
			);
			runOnlyForDeploymentPostprocessing = 0;
		};
		3343CA552356592D005EC399 /* Frameworks */ = {
			isa = PBXFrameworksBuildPhase;
			buildActionMask = 2147483647;
			files = (
			);
			runOnlyForDeploymentPostprocessing = 0;
		};
/* End PBXFrameworksBuildPhase section */

/* Begin PBXGroup section */
		333F84DE235829B400A60744 /* Helpers */ = {
			isa = PBXGroup;
			children = (
				333F84DF235829CF00A60744 /* Service.swift */,
				333F84E1235829E600A60744 /* Notification.Name+extensions.swift */,
			);
			path = Helpers;
			sourceTree = "<group>";
		};
		333F84E323584A1F00A60744 /* assets */ = {
			isa = PBXGroup;
			children = (
				333F84E423584A1F00A60744 /* ChristianSongs */,
				333F84EF23584A1F00A60744 /* ChristianPhotos */,
			);
			path = assets;
			sourceTree = "<group>";
		};
		333F84E423584A1F00A60744 /* ChristianSongs */ = {
			isa = PBXGroup;
			children = (
				333F84E523584A1F00A60744 /* whatABeautifulNameItIs.mp3 */,
				333F84E623584A1F00A60744 /* recklessLove-Bethel.mp3 */,
				333F84E723584A1F00A60744 /* unfailingLove-ChrisTomlin.mp3 */,
				333F84E823584A1F00A60744 /* oceans(long)-Hillsong.mp3 */,
				333F84E923584A1F00A60744 /* oceans(short)-Hillsong.mp3 */,
				333F84EA23584A1F00A60744 /* giveMeFaith-ElevationWorship.mp3 */,
				333F84EB23584A1F00A60744 /* livingHope.mp3 */,
				333F84EC23584A1F00A60744 /* noOneHigher-AaronShust.mp3 */,
				333F84ED23584A1F00A60744 /* noLongerSlaves-BethelMusic.mp3 */,
				333F84EE23584A1F00A60744 /* whoYouSayIAm-Hillsong.mp3 */,
			);
			path = ChristianSongs;
			sourceTree = "<group>";
		};
		333F84EF23584A1F00A60744 /* ChristianPhotos */ = {
			isa = PBXGroup;
			children = (
				333F84F023584A1F00A60744 /* noLongerSlaves.jpg */,
				333F84F123584A1F00A60744 /* oceans(long).png */,
				333F84F223584A1F00A60744 /* livingHope.png */,
				333F84F323584A1F00A60744 /* whoYouSayIAm.jpg */,
				333F84F423584A1F00A60744 /* whatABeautifulNameItIs.jpg */,
				333F84F523584A1F00A60744 /* oceans(short).png */,
				333F84F623584A1F00A60744 /* recklessLove.png */,
				333F84F723584A1F00A60744 /* noOneHigher.png */,
				333F84F823584A1F00A60744 /* giveMeFaith.jpeg */,
				333F84F923584A1F00A60744 /* unfailingLove.png */,
			);
			path = ChristianPhotos;
			sourceTree = "<group>";
		};
		3343CA2E2356592C005EC399 = {
			isa = PBXGroup;
			children = (
				3343CA392356592C005EC399 /* Folledo-iPray */,
				3343CA502356592D005EC399 /* Folledo-iPrayTests */,
				3343CA5B2356592D005EC399 /* Folledo-iPrayUITests */,
				3343CA382356592C005EC399 /* Products */,
			);
			sourceTree = "<group>";
		};
		3343CA382356592C005EC399 /* Products */ = {
			isa = PBXGroup;
			children = (
				3343CA372356592C005EC399 /* Folledo-iPray.app */,
				3343CA4D2356592D005EC399 /* Folledo-iPrayTests.xctest */,
				3343CA582356592D005EC399 /* Folledo-iPrayUITests.xctest */,
			);
			name = Products;
			sourceTree = "<group>";
		};
		3343CA392356592C005EC399 /* Folledo-iPray */ = {
			isa = PBXGroup;
			children = (
				3343CA3A2356592C005EC399 /* AppDelegate.swift */,
				337183182357C590004C9489 /* Questions.swift */,
				3343CA3C2356592C005EC399 /* SceneDelegate.swift */,
				3343CA3E2356592C005EC399 /* ViewController.swift */,
				3343CA402356592C005EC399 /* Main.storyboard */,
				3343CA6A23565A51005EC399 /* Controllers */,
				3343CA6D23565A6A005EC399 /* Models */,
				3343CA6E23565A71005EC399 /* Views */,
				333F84DE235829B400A60744 /* Helpers */,
				333F84E323584A1F00A60744 /* assets */,
				3343CA432356592D005EC399 /* Assets.xcassets */,
				3343CA452356592D005EC399 /* LaunchScreen.storyboard */,
				3343CA482356592D005EC399 /* Info.plist */,
			);
			path = "Folledo-iPray";
			sourceTree = "<group>";
		};
		3343CA502356592D005EC399 /* Folledo-iPrayTests */ = {
			isa = PBXGroup;
			children = (
				3343CA512356592D005EC399 /* Folledo_iPrayTests.swift */,
				3343CA532356592D005EC399 /* Info.plist */,
			);
			path = "Folledo-iPrayTests";
			sourceTree = "<group>";
		};
		3343CA5B2356592D005EC399 /* Folledo-iPrayUITests */ = {
			isa = PBXGroup;
			children = (
				3343CA5C2356592D005EC399 /* Folledo_iPrayUITests.swift */,
				3343CA5E2356592D005EC399 /* Info.plist */,
			);
			path = "Folledo-iPrayUITests";
			sourceTree = "<group>";
		};
		3343CA6A23565A51005EC399 /* Controllers */ = {
			isa = PBXGroup;
			children = (
				3343CA7923565F86005EC399 /* Songs */,
				3343CA7A23565F99005EC399 /* Request */,
				3343CA7B23565FAC005EC399 /* Timer */,
			);
			path = Controllers;
			sourceTree = "<group>";
		};
		3343CA6D23565A6A005EC399 /* Models */ = {
			isa = PBXGroup;
			children = (
				3343CA6B23565A5F005EC399 /* Song.swift */,
			);
			path = Models;
			sourceTree = "<group>";
		};
		3343CA6E23565A71005EC399 /* Views */ = {
			isa = PBXGroup;
			children = (
				3371831423578DAB004C9489 /* SongCell.swift */,
			);
			path = Views;
			sourceTree = "<group>";
		};
		3343CA7923565F86005EC399 /* Songs */ = {
			isa = PBXGroup;
			children = (
				3343CA6F23565B68005EC399 /* SongsVC.swift */,
				3371831E2357C79A004C9489 /* SongInfo */,
			);
			path = Songs;
			sourceTree = "<group>";
		};
		3343CA7A23565F99005EC399 /* Request */ = {
			isa = PBXGroup;
			children = (
				3343CA7123565B90005EC399 /* PrayerRequestVC.swift */,
			);
			path = Request;
			sourceTree = "<group>";
		};
		3343CA7B23565FAC005EC399 /* Timer */ = {
			isa = PBXGroup;
			children = (
				3343CA7323565BA0005EC399 /* PrayerTimerVC.swift */,
			);
			path = Timer;
			sourceTree = "<group>";
		};
		3371831E2357C79A004C9489 /* SongInfo */ = {
			isa = PBXGroup;
			children = (
				3371831A2357C77E004C9489 /* SongInfo.storyboard */,
				3371831C2357C793004C9489 /* SongInfoVC.swift */,
			);
			path = SongInfo;
			sourceTree = "<group>";
		};
/* End PBXGroup section */

/* Begin PBXNativeTarget section */
		3343CA362356592C005EC399 /* Folledo-iPray */ = {
			isa = PBXNativeTarget;
			buildConfigurationList = 3343CA612356592D005EC399 /* Build configuration list for PBXNativeTarget "Folledo-iPray" */;
			buildPhases = (
				3343CA332356592C005EC399 /* Sources */,
				3343CA342356592C005EC399 /* Frameworks */,
				3343CA352356592C005EC399 /* Resources */,
			);
			buildRules = (
			);
			dependencies = (
			);
			name = "Folledo-iPray";
			productName = "Folledo-iPray";
			productReference = 3343CA372356592C005EC399 /* Folledo-iPray.app */;
			productType = "com.apple.product-type.application";
		};
		3343CA4C2356592D005EC399 /* Folledo-iPrayTests */ = {
			isa = PBXNativeTarget;
			buildConfigurationList = 3343CA642356592D005EC399 /* Build configuration list for PBXNativeTarget "Folledo-iPrayTests" */;
			buildPhases = (
				3343CA492356592D005EC399 /* Sources */,
				3343CA4A2356592D005EC399 /* Frameworks */,
				3343CA4B2356592D005EC399 /* Resources */,
			);
			buildRules = (
			);
			dependencies = (
				3343CA4F2356592D005EC399 /* PBXTargetDependency */,
			);
			name = "Folledo-iPrayTests";
			productName = "Folledo-iPrayTests";
			productReference = 3343CA4D2356592D005EC399 /* Folledo-iPrayTests.xctest */;
			productType = "com.apple.product-type.bundle.unit-test";
		};
		3343CA572356592D005EC399 /* Folledo-iPrayUITests */ = {
			isa = PBXNativeTarget;
			buildConfigurationList = 3343CA672356592D005EC399 /* Build configuration list for PBXNativeTarget "Folledo-iPrayUITests" */;
			buildPhases = (
				3343CA542356592D005EC399 /* Sources */,
				3343CA552356592D005EC399 /* Frameworks */,
				3343CA562356592D005EC399 /* Resources */,
			);
			buildRules = (
			);
			dependencies = (
				3343CA5A2356592D005EC399 /* PBXTargetDependency */,
			);
			name = "Folledo-iPrayUITests";
			productName = "Folledo-iPrayUITests";
			productReference = 3343CA582356592D005EC399 /* Folledo-iPrayUITests.xctest */;
			productType = "com.apple.product-type.bundle.ui-testing";
		};
/* End PBXNativeTarget section */

/* Begin PBXProject section */
		3343CA2F2356592C005EC399 /* Project object */ = {
			isa = PBXProject;
			attributes = {
				LastSwiftUpdateCheck = 1110;
				LastUpgradeCheck = 1110;
				ORGANIZATIONNAME = SamuelFolledo;
				TargetAttributes = {
					3343CA362356592C005EC399 = {
						CreatedOnToolsVersion = 11.1;
					};
					3343CA4C2356592D005EC399 = {
						CreatedOnToolsVersion = 11.1;
						TestTargetID = 3343CA362356592C005EC399;
					};
					3343CA572356592D005EC399 = {
						CreatedOnToolsVersion = 11.1;
						TestTargetID = 3343CA362356592C005EC399;
					};
				};
			};
			buildConfigurationList = 3343CA322356592C005EC399 /* Build configuration list for PBXProject "Folledo-iPray" */;
			compatibilityVersion = "Xcode 9.3";
			developmentRegion = en;
			hasScannedForEncodings = 0;
			knownRegions = (
				en,
				Base,
			);
			mainGroup = 3343CA2E2356592C005EC399;
			productRefGroup = 3343CA382356592C005EC399 /* Products */;
			projectDirPath = "";
			projectRoot = "";
			targets = (
				3343CA362356592C005EC399 /* Folledo-iPray */,
				3343CA4C2356592D005EC399 /* Folledo-iPrayTests */,
				3343CA572356592D005EC399 /* Folledo-iPrayUITests */,
			);
		};
/* End PBXProject section */

/* Begin PBXResourcesBuildPhase section */
		3343CA352356592C005EC399 /* Resources */ = {
			isa = PBXResourcesBuildPhase;
			buildActionMask = 2147483647;
			files = (
				333F850723584A1F00A60744 /* whoYouSayIAm.jpg in Resources */,
				3343CA472356592D005EC399 /* LaunchScreen.storyboard in Resources */,
				333F850223584A1F00A60744 /* noLongerSlaves-BethelMusic.mp3 in Resources */,
				333F84FA23584A1F00A60744 /* whatABeautifulNameItIs.mp3 in Resources */,
				333F850623584A1F00A60744 /* livingHope.png in Resources */,
				333F850323584A1F00A60744 /* whoYouSayIAm-Hillsong.mp3 in Resources */,
				333F84FE23584A1F00A60744 /* oceans(short)-Hillsong.mp3 in Resources */,
				333F850D23584A1F00A60744 /* unfailingLove.png in Resources */,
				333F850C23584A1F00A60744 /* giveMeFaith.jpeg in Resources */,
				333F850823584A1F00A60744 /* whatABeautifulNameItIs.jpg in Resources */,
				3343CA442356592D005EC399 /* Assets.xcassets in Resources */,
				3343CA422356592C005EC399 /* Main.storyboard in Resources */,
				333F84FB23584A1F00A60744 /* recklessLove-Bethel.mp3 in Resources */,
				3371831B2357C77E004C9489 /* SongInfo.storyboard in Resources */,
				333F850123584A1F00A60744 /* noOneHigher-AaronShust.mp3 in Resources */,
				333F84FD23584A1F00A60744 /* oceans(long)-Hillsong.mp3 in Resources */,
				333F850023584A1F00A60744 /* livingHope.mp3 in Resources */,
				333F84FF23584A1F00A60744 /* giveMeFaith-ElevationWorship.mp3 in Resources */,
				333F850A23584A1F00A60744 /* recklessLove.png in Resources */,
				333F850523584A1F00A60744 /* oceans(long).png in Resources */,
				333F84FC23584A1F00A60744 /* unfailingLove-ChrisTomlin.mp3 in Resources */,
				333F850923584A1F00A60744 /* oceans(short).png in Resources */,
				333F850B23584A1F00A60744 /* noOneHigher.png in Resources */,
				333F850423584A1F00A60744 /* noLongerSlaves.jpg in Resources */,
			);
			runOnlyForDeploymentPostprocessing = 0;
		};
		3343CA4B2356592D005EC399 /* Resources */ = {
			isa = PBXResourcesBuildPhase;
			buildActionMask = 2147483647;
			files = (
			);
			runOnlyForDeploymentPostprocessing = 0;
		};
		3343CA562356592D005EC399 /* Resources */ = {
			isa = PBXResourcesBuildPhase;
			buildActionMask = 2147483647;
			files = (
			);
			runOnlyForDeploymentPostprocessing = 0;
		};
/* End PBXResourcesBuildPhase section */

/* Begin PBXSourcesBuildPhase section */
		3343CA332356592C005EC399 /* Sources */ = {
			isa = PBXSourcesBuildPhase;
			buildActionMask = 2147483647;
			files = (
				337183192357C590004C9489 /* Questions.swift in Sources */,
				3371831623578DAB004C9489 /* SongCell.swift in Sources */,
				333F84E2235829E600A60744 /* Notification.Name+extensions.swift in Sources */,
				3343CA6C23565A5F005EC399 /* Song.swift in Sources */,
				3343CA3F2356592C005EC399 /* ViewController.swift in Sources */,
				3343CA3B2356592C005EC399 /* AppDelegate.swift in Sources */,
				3371831D2357C793004C9489 /* SongInfoVC.swift in Sources */,
				3343CA3D2356592C005EC399 /* SceneDelegate.swift in Sources */,
				3343CA7023565B68005EC399 /* SongsVC.swift in Sources */,
				333F84E0235829CF00A60744 /* Service.swift in Sources */,
				3343CA7423565BA0005EC399 /* PrayerTimerVC.swift in Sources */,
				3343CA7223565B90005EC399 /* PrayerRequestVC.swift in Sources */,
			);
			runOnlyForDeploymentPostprocessing = 0;
		};
		3343CA492356592D005EC399 /* Sources */ = {
			isa = PBXSourcesBuildPhase;
			buildActionMask = 2147483647;
			files = (
				3343CA522356592D005EC399 /* Folledo_iPrayTests.swift in Sources */,
			);
			runOnlyForDeploymentPostprocessing = 0;
		};
		3343CA542356592D005EC399 /* Sources */ = {
			isa = PBXSourcesBuildPhase;
			buildActionMask = 2147483647;
			files = (
				3343CA5D2356592D005EC399 /* Folledo_iPrayUITests.swift in Sources */,
			);
			runOnlyForDeploymentPostprocessing = 0;
		};
/* End PBXSourcesBuildPhase section */

/* Begin PBXTargetDependency section */
		3343CA4F2356592D005EC399 /* PBXTargetDependency */ = {
			isa = PBXTargetDependency;
			target = 3343CA362356592C005EC399 /* Folledo-iPray */;
			targetProxy = 3343CA4E2356592D005EC399 /* PBXContainerItemProxy */;
		};
		3343CA5A2356592D005EC399 /* PBXTargetDependency */ = {
			isa = PBXTargetDependency;
			target = 3343CA362356592C005EC399 /* Folledo-iPray */;
			targetProxy = 3343CA592356592D005EC399 /* PBXContainerItemProxy */;
		};
/* End PBXTargetDependency section */

/* Begin PBXVariantGroup section */
		3343CA402356592C005EC399 /* Main.storyboard */ = {
			isa = PBXVariantGroup;
			children = (
				3343CA412356592C005EC399 /* Base */,
			);
			name = Main.storyboard;
			sourceTree = "<group>";
		};
		3343CA452356592D005EC399 /* LaunchScreen.storyboard */ = {
			isa = PBXVariantGroup;
			children = (
				3343CA462356592D005EC399 /* Base */,
			);
			name = LaunchScreen.storyboard;
			sourceTree = "<group>";
		};
/* End PBXVariantGroup section */

/* Begin XCBuildConfiguration section */
		3343CA5F2356592D005EC399 /* Debug */ = {
			isa = XCBuildConfiguration;
			buildSettings = {
				ALWAYS_SEARCH_USER_PATHS = NO;
				CLANG_ANALYZER_NONNULL = YES;
				CLANG_ANALYZER_NUMBER_OBJECT_CONVERSION = YES_AGGRESSIVE;
				CLANG_CXX_LANGUAGE_STANDARD = "gnu++14";
				CLANG_CXX_LIBRARY = "libc++";
				CLANG_ENABLE_MODULES = YES;
				CLANG_ENABLE_OBJC_ARC = YES;
				CLANG_ENABLE_OBJC_WEAK = YES;
				CLANG_WARN_BLOCK_CAPTURE_AUTORELEASING = YES;
				CLANG_WARN_BOOL_CONVERSION = YES;
				CLANG_WARN_COMMA = YES;
				CLANG_WARN_CONSTANT_CONVERSION = YES;
				CLANG_WARN_DEPRECATED_OBJC_IMPLEMENTATIONS = YES;
				CLANG_WARN_DIRECT_OBJC_ISA_USAGE = YES_ERROR;
				CLANG_WARN_DOCUMENTATION_COMMENTS = YES;
				CLANG_WARN_EMPTY_BODY = YES;
				CLANG_WARN_ENUM_CONVERSION = YES;
				CLANG_WARN_INFINITE_RECURSION = YES;
				CLANG_WARN_INT_CONVERSION = YES;
				CLANG_WARN_NON_LITERAL_NULL_CONVERSION = YES;
				CLANG_WARN_OBJC_IMPLICIT_RETAIN_SELF = YES;
				CLANG_WARN_OBJC_LITERAL_CONVERSION = YES;
				CLANG_WARN_OBJC_ROOT_CLASS = YES_ERROR;
				CLANG_WARN_RANGE_LOOP_ANALYSIS = YES;
				CLANG_WARN_STRICT_PROTOTYPES = YES;
				CLANG_WARN_SUSPICIOUS_MOVE = YES;
				CLANG_WARN_UNGUARDED_AVAILABILITY = YES_AGGRESSIVE;
				CLANG_WARN_UNREACHABLE_CODE = YES;
				CLANG_WARN__DUPLICATE_METHOD_MATCH = YES;
				COPY_PHASE_STRIP = NO;
				DEBUG_INFORMATION_FORMAT = dwarf;
				ENABLE_STRICT_OBJC_MSGSEND = YES;
				ENABLE_TESTABILITY = YES;
				GCC_C_LANGUAGE_STANDARD = gnu11;
				GCC_DYNAMIC_NO_PIC = NO;
				GCC_NO_COMMON_BLOCKS = YES;
				GCC_OPTIMIZATION_LEVEL = 0;
				GCC_PREPROCESSOR_DEFINITIONS = (
					"DEBUG=1",
					"$(inherited)",
				);
				GCC_WARN_64_TO_32_BIT_CONVERSION = YES;
				GCC_WARN_ABOUT_RETURN_TYPE = YES_ERROR;
				GCC_WARN_UNDECLARED_SELECTOR = YES;
				GCC_WARN_UNINITIALIZED_AUTOS = YES_AGGRESSIVE;
				GCC_WARN_UNUSED_FUNCTION = YES;
				GCC_WARN_UNUSED_VARIABLE = YES;
				IPHONEOS_DEPLOYMENT_TARGET = 13.1;
				MTL_ENABLE_DEBUG_INFO = INCLUDE_SOURCE;
				MTL_FAST_MATH = YES;
				ONLY_ACTIVE_ARCH = YES;
				SDKROOT = iphoneos;
				SWIFT_ACTIVE_COMPILATION_CONDITIONS = DEBUG;
				SWIFT_OPTIMIZATION_LEVEL = "-Onone";
			};
			name = Debug;
		};
		3343CA602356592D005EC399 /* Release */ = {
			isa = XCBuildConfiguration;
			buildSettings = {
				ALWAYS_SEARCH_USER_PATHS = NO;
				CLANG_ANALYZER_NONNULL = YES;
				CLANG_ANALYZER_NUMBER_OBJECT_CONVERSION = YES_AGGRESSIVE;
				CLANG_CXX_LANGUAGE_STANDARD = "gnu++14";
				CLANG_CXX_LIBRARY = "libc++";
				CLANG_ENABLE_MODULES = YES;
				CLANG_ENABLE_OBJC_ARC = YES;
				CLANG_ENABLE_OBJC_WEAK = YES;
				CLANG_WARN_BLOCK_CAPTURE_AUTORELEASING = YES;
				CLANG_WARN_BOOL_CONVERSION = YES;
				CLANG_WARN_COMMA = YES;
				CLANG_WARN_CONSTANT_CONVERSION = YES;
				CLANG_WARN_DEPRECATED_OBJC_IMPLEMENTATIONS = YES;
				CLANG_WARN_DIRECT_OBJC_ISA_USAGE = YES_ERROR;
				CLANG_WARN_DOCUMENTATION_COMMENTS = YES;
				CLANG_WARN_EMPTY_BODY = YES;
				CLANG_WARN_ENUM_CONVERSION = YES;
				CLANG_WARN_INFINITE_RECURSION = YES;
				CLANG_WARN_INT_CONVERSION = YES;
				CLANG_WARN_NON_LITERAL_NULL_CONVERSION = YES;
				CLANG_WARN_OBJC_IMPLICIT_RETAIN_SELF = YES;
				CLANG_WARN_OBJC_LITERAL_CONVERSION = YES;
				CLANG_WARN_OBJC_ROOT_CLASS = YES_ERROR;
				CLANG_WARN_RANGE_LOOP_ANALYSIS = YES;
				CLANG_WARN_STRICT_PROTOTYPES = YES;
				CLANG_WARN_SUSPICIOUS_MOVE = YES;
				CLANG_WARN_UNGUARDED_AVAILABILITY = YES_AGGRESSIVE;
				CLANG_WARN_UNREACHABLE_CODE = YES;
				CLANG_WARN__DUPLICATE_METHOD_MATCH = YES;
				COPY_PHASE_STRIP = NO;
				DEBUG_INFORMATION_FORMAT = "dwarf-with-dsym";
				ENABLE_NS_ASSERTIONS = NO;
				ENABLE_STRICT_OBJC_MSGSEND = YES;
				GCC_C_LANGUAGE_STANDARD = gnu11;
				GCC_NO_COMMON_BLOCKS = YES;
				GCC_WARN_64_TO_32_BIT_CONVERSION = YES;
				GCC_WARN_ABOUT_RETURN_TYPE = YES_ERROR;
				GCC_WARN_UNDECLARED_SELECTOR = YES;
				GCC_WARN_UNINITIALIZED_AUTOS = YES_AGGRESSIVE;
				GCC_WARN_UNUSED_FUNCTION = YES;
				GCC_WARN_UNUSED_VARIABLE = YES;
				IPHONEOS_DEPLOYMENT_TARGET = 13.1;
				MTL_ENABLE_DEBUG_INFO = NO;
				MTL_FAST_MATH = YES;
				SDKROOT = iphoneos;
				SWIFT_COMPILATION_MODE = wholemodule;
				SWIFT_OPTIMIZATION_LEVEL = "-O";
				VALIDATE_PRODUCT = YES;
			};
			name = Release;
		};
		3343CA622356592D005EC399 /* Debug */ = {
			isa = XCBuildConfiguration;
			buildSettings = {
				ASSETCATALOG_COMPILER_APPICON_NAME = AppIcon;
				CODE_SIGN_STYLE = Automatic;
				DEVELOPMENT_TEAM = 9NY68F4K3P;
				INFOPLIST_FILE = "Folledo-iPray/Info.plist";
				LD_RUNPATH_SEARCH_PATHS = (
					"$(inherited)",
					"@executable_path/Frameworks",
				);
				PRODUCT_BUNDLE_IDENTIFIER = "SamuelFolledo.Folledo-iPray";
				PRODUCT_NAME = "$(TARGET_NAME)";
				SWIFT_VERSION = 5.0;
				TARGETED_DEVICE_FAMILY = "1,2";
			};
			name = Debug;
		};
		3343CA632356592D005EC399 /* Release */ = {
			isa = XCBuildConfiguration;
			buildSettings = {
				ASSETCATALOG_COMPILER_APPICON_NAME = AppIcon;
				CODE_SIGN_STYLE = Automatic;
				DEVELOPMENT_TEAM = 9NY68F4K3P;
				INFOPLIST_FILE = "Folledo-iPray/Info.plist";
				LD_RUNPATH_SEARCH_PATHS = (
					"$(inherited)",
					"@executable_path/Frameworks",
				);
				PRODUCT_BUNDLE_IDENTIFIER = "SamuelFolledo.Folledo-iPray";
				PRODUCT_NAME = "$(TARGET_NAME)";
				SWIFT_VERSION = 5.0;
				TARGETED_DEVICE_FAMILY = "1,2";
			};
			name = Release;
		};
		3343CA652356592D005EC399 /* Debug */ = {
			isa = XCBuildConfiguration;
			buildSettings = {
				ALWAYS_EMBED_SWIFT_STANDARD_LIBRARIES = YES;
				BUNDLE_LOADER = "$(TEST_HOST)";
				CODE_SIGN_STYLE = Automatic;
				DEVELOPMENT_TEAM = 9NY68F4K3P;
				INFOPLIST_FILE = "Folledo-iPrayTests/Info.plist";
				IPHONEOS_DEPLOYMENT_TARGET = 13.1;
				LD_RUNPATH_SEARCH_PATHS = (
					"$(inherited)",
					"@executable_path/Frameworks",
					"@loader_path/Frameworks",
				);
				PRODUCT_BUNDLE_IDENTIFIER = "SamuelFolledo.Folledo-iPrayTests";
				PRODUCT_NAME = "$(TARGET_NAME)";
				SWIFT_VERSION = 5.0;
				TARGETED_DEVICE_FAMILY = "1,2";
				TEST_HOST = "$(BUILT_PRODUCTS_DIR)/Folledo-iPray.app/Folledo-iPray";
			};
			name = Debug;
		};
		3343CA662356592D005EC399 /* Release */ = {
			isa = XCBuildConfiguration;
			buildSettings = {
				ALWAYS_EMBED_SWIFT_STANDARD_LIBRARIES = YES;
				BUNDLE_LOADER = "$(TEST_HOST)";
				CODE_SIGN_STYLE = Automatic;
				DEVELOPMENT_TEAM = 9NY68F4K3P;
				INFOPLIST_FILE = "Folledo-iPrayTests/Info.plist";
				IPHONEOS_DEPLOYMENT_TARGET = 13.1;
				LD_RUNPATH_SEARCH_PATHS = (
					"$(inherited)",
					"@executable_path/Frameworks",
					"@loader_path/Frameworks",
				);
				PRODUCT_BUNDLE_IDENTIFIER = "SamuelFolledo.Folledo-iPrayTests";
				PRODUCT_NAME = "$(TARGET_NAME)";
				SWIFT_VERSION = 5.0;
				TARGETED_DEVICE_FAMILY = "1,2";
				TEST_HOST = "$(BUILT_PRODUCTS_DIR)/Folledo-iPray.app/Folledo-iPray";
			};
			name = Release;
		};
		3343CA682356592D005EC399 /* Debug */ = {
			isa = XCBuildConfiguration;
			buildSettings = {
				ALWAYS_EMBED_SWIFT_STANDARD_LIBRARIES = YES;
				CODE_SIGN_STYLE = Automatic;
				DEVELOPMENT_TEAM = 9NY68F4K3P;
				INFOPLIST_FILE = "Folledo-iPrayUITests/Info.plist";
				LD_RUNPATH_SEARCH_PATHS = (
					"$(inherited)",
					"@executable_path/Frameworks",
					"@loader_path/Frameworks",
				);
				PRODUCT_BUNDLE_IDENTIFIER = "SamuelFolledo.Folledo-iPrayUITests";
				PRODUCT_NAME = "$(TARGET_NAME)";
				SWIFT_VERSION = 5.0;
				TARGETED_DEVICE_FAMILY = "1,2";
				TEST_TARGET_NAME = "Folledo-iPray";
			};
			name = Debug;
		};
		3343CA692356592D005EC399 /* Release */ = {
			isa = XCBuildConfiguration;
			buildSettings = {
				ALWAYS_EMBED_SWIFT_STANDARD_LIBRARIES = YES;
				CODE_SIGN_STYLE = Automatic;
				DEVELOPMENT_TEAM = 9NY68F4K3P;
				INFOPLIST_FILE = "Folledo-iPrayUITests/Info.plist";
				LD_RUNPATH_SEARCH_PATHS = (
					"$(inherited)",
					"@executable_path/Frameworks",
					"@loader_path/Frameworks",
				);
				PRODUCT_BUNDLE_IDENTIFIER = "SamuelFolledo.Folledo-iPrayUITests";
				PRODUCT_NAME = "$(TARGET_NAME)";
				SWIFT_VERSION = 5.0;
				TARGETED_DEVICE_FAMILY = "1,2";
				TEST_TARGET_NAME = "Folledo-iPray";
			};
			name = Release;
		};
/* End XCBuildConfiguration section */

/* Begin XCConfigurationList section */
		3343CA322356592C005EC399 /* Build configuration list for PBXProject "Folledo-iPray" */ = {
			isa = XCConfigurationList;
			buildConfigurations = (
				3343CA5F2356592D005EC399 /* Debug */,
				3343CA602356592D005EC399 /* Release */,
			);
			defaultConfigurationIsVisible = 0;
			defaultConfigurationName = Release;
		};
		3343CA612356592D005EC399 /* Build configuration list for PBXNativeTarget "Folledo-iPray" */ = {
			isa = XCConfigurationList;
			buildConfigurations = (
				3343CA622356592D005EC399 /* Debug */,
				3343CA632356592D005EC399 /* Release */,
			);
			defaultConfigurationIsVisible = 0;
			defaultConfigurationName = Release;
		};
		3343CA642356592D005EC399 /* Build configuration list for PBXNativeTarget "Folledo-iPrayTests" */ = {
			isa = XCConfigurationList;
			buildConfigurations = (
				3343CA652356592D005EC399 /* Debug */,
				3343CA662356592D005EC399 /* Release */,
			);
			defaultConfigurationIsVisible = 0;
			defaultConfigurationName = Release;
		};
		3343CA672356592D005EC399 /* Build configuration list for PBXNativeTarget "Folledo-iPrayUITests" */ = {
			isa = XCConfigurationList;
			buildConfigurations = (
				3343CA682356592D005EC399 /* Debug */,
				3343CA692356592D005EC399 /* Release */,
			);
			defaultConfigurationIsVisible = 0;
			defaultConfigurationName = Release;
		};
/* End XCConfigurationList section */
	};
	rootObject = 3343CA2F2356592C005EC399 /* Project object */;
}
